
Microsoft Visual Studio Solution File, Format Version 12.00
# Visual Studio Version 16
VisualStudioVersion = 16.0.33529.622
MinimumVisualStudioVersion = 10.0.40219.1
Project("{FAE04EC0-301F-11D3-BF4B-00C04F79EFBC}") = "UserEvaluateCS", "UserEvaluateCS.csproj", "{8ECFE551-227F-4CEF-A531-B3E7D56DCF36}"
EndProject
Project("{FAE04EC0-301F-11D3-BF4B-00C04F79EFBC}") = "UserTestScript64", "UserTestScript64.csproj", "{38BE0CC8-51CB-07B0-0D9B-19AF0A87C1CD}"
EndProject
Global
	GlobalSection(SolutionConfigurationPlatforms) = preSolution
		Debug|Any CPU = Debug|Any CPU
		Release|Any CPU = Release|Any CPU
	EndGlobalSection
	GlobalSection(ProjectConfigurationPlatforms) = postSolution
		{8ECFE551-227F-4CEF-A531-B3E7D56DCF36}.Debug|Any CPU.ActiveCfg = Debug|Any CPU
		{8ECFE551-227F-4CEF-A531-B3E7D56DCF36}.Debug|Any CPU.Build.0 = Debug|Any CPU
		{8ECFE551-227F-4CEF-A531-B3E7D56DCF36}.Release|Any CPU.ActiveCfg = Release|Any CPU
		{8ECFE551-227F-4CEF-A531-B3E7D56DCF36}.Release|Any CPU.Build.0 = Release|Any CPU
		{38BE0CC8-51CB-07B0-0D9B-19AF0A87C1CD}.Debug|Any CPU.ActiveCfg = Debug|Any CPU
		{38BE0CC8-51CB-07B0-0D9B-19AF0A87C1CD}.Debug|Any CPU.Build.0 = Debug|Any CPU
		{38BE0CC8-51CB-07B0-0D9B-19AF0A87C1CD}.Release|Any CPU.ActiveCfg = Release|Any CPU
		{38BE0CC8-51CB-07B0-0D9B-19AF0A87C1CD}.Release|Any CPU.Build.0 = Release|Any CPU
	EndGlobalSection
	GlobalSection(SolutionProperties) = preSolution
		HideSolutionNode = FALSE
	EndGlobalSection
	GlobalSection(ExtensibilityGlobals) = postSolution
		SolutionGuid = {54F30DD0-CCB4-4A8D-82DA-FB86226F3007}
	EndGlobalSection
EndGlobal
